
Microsoft Visual Studio Solution File, Format Version 12.00
# Visual Studio 15
VisualStudioVersion = 15.0.27130.0
MinimumVisualStudioVersion = 10.0.40219.1
Project("{FAE04EC0-301F-11D3-BF4B-00C04F79EFBC}") = "Bowling", "Bowling\Bowling.csproj", "{4D64D97F-7329-477A-85CF-CF9BDA788ED7}"
EndProject
Project("{FAE04EC0-301F-11D3-BF4B-00C04F79EFBC}") = "UnitTests", "UnitTests\UnitTests.csproj", "{C96AD27C-3868-4941-8A25-9DE7A8322C95}"
EndProject
Global
	GlobalSection(SolutionConfigurationPlatforms) = preSolution
		Debug|Any CPU = Debug|Any CPU
		Release|Any CPU = Release|Any CPU
	EndGlobalSection
	GlobalSection(ProjectConfigurationPlatforms) = postSolution
		{4D64D97F-7329-477A-85CF-CF9BDA788ED7}.Debug|Any CPU.ActiveCfg = Debug|Any CPU
		{4D64D97F-7329-477A-85CF-CF9BDA788ED7}.Debug|Any CPU.Build.0 = Debug|Any CPU
		{4D64D97F-7329-477A-85CF-CF9BDA788ED7}.Release|Any CPU.ActiveCfg = Release|Any CPU
		{4D64D97F-7329-477A-85CF-CF9BDA788ED7}.Release|Any CPU.Build.0 = Release|Any CPU
		{C96AD27C-3868-4941-8A25-9DE7A8322C95}.Debug|Any CPU.ActiveCfg = Debug|Any CPU
		{C96AD27C-3868-4941-8A25-9DE7A8322C95}.Debug|Any CPU.Build.0 = Debug|Any CPU
		{C96AD27C-3868-4941-8A25-9DE7A8322C95}.Release|Any CPU.ActiveCfg = Release|Any CPU
		{C96AD27C-3868-4941-8A25-9DE7A8322C95}.Release|Any CPU.Build.0 = Release|Any CPU
	EndGlobalSection
	GlobalSection(SolutionProperties) = preSolution
		HideSolutionNode = FALSE
	EndGlobalSection
	GlobalSection(ExtensibilityGlobals) = postSolution
		SolutionGuid = {EE70FD9F-EC4E-48E0-AB2D-51CD91C3B422}
	EndGlobalSection
EndGlobal
